
Microsoft Visual Studio Solution File, Format Version 12.00
# Visual Studio 14
VisualStudioVersion = 14.0.23107.0
MinimumVisualStudioVersion = 10.0.40219.1
Project("{FAE04EC0-301F-11D3-BF4B-00C04F79EFBC}") = "PeopleSearchApp", "PeopleSearchApp\PeopleSearchApp.csproj", "{B351F1F4-511A-47BA-A94F-1747A6BADADF}"
EndProject
Global
	GlobalSection(SolutionConfigurationPlatforms) = preSolution
		Debug|Any CPU = Debug|Any CPU
		Release|Any CPU = Release|Any CPU
	EndGlobalSection
	GlobalSection(ProjectConfigurationPlatforms) = postSolution
		{B351F1F4-511A-47BA-A94F-1747A6BADADF}.Debug|Any CPU.ActiveCfg = Debug|Any CPU
		{B351F1F4-511A-47BA-A94F-1747A6BADADF}.Debug|Any CPU.Build.0 = Debug|Any CPU
		{B351F1F4-511A-47BA-A94F-1747A6BADADF}.Release|Any CPU.ActiveCfg = Release|Any CPU
		{B351F1F4-511A-47BA-A94F-1747A6BADADF}.Release|Any CPU.Build.0 = Release|Any CPU
	EndGlobalSection
	GlobalSection(SolutionProperties) = preSolution
		HideSolutionNode = FALSE
	EndGlobalSection
EndGlobal
